// !$*UTF8*$!
{
	archiveVersion = 1;
	classes = {
	};
	objectVersion = 46;
	objects = {

/* Begin PBXBuildFile section */
		63F3043C1E7526DF0098EBB8 /* main.m in Sources */ = {isa = PBXBuildFile; fileRef = 63F3043B1E7526DF0098EBB8 /* main.m */; };
		63F304441E7527170098EBB8 /* NSString+VersionsCompare.m in Sources */ = {isa = PBXBuildFile; fileRef = 63F304431E7527170098EBB8 /* NSString+VersionsCompare.m */; };
/* End PBXBuildFile section */

/* Begin PBXCopyFilesBuildPhase section */
		63F304361E7526DF0098EBB8 /* CopyFiles */ = {
			isa = PBXCopyFilesBuildPhase;
			buildActionMask = 2147483647;
			dstPath = /usr/share/man/man1/;
			dstSubfolderSpec = 0;
			files = (
			);
			runOnlyForDeploymentPostprocessing = 1;
		};
/* End PBXCopyFilesBuildPhase section */

/* Begin PBXFileReference section */
		63F304381E7526DF0098EBB8 /* VersionsCompare */ = {isa = PBXFileReference; explicitFileType = "compiled.mach-o.executable"; includeInIndex = 0; path = VersionsCompare; sourceTree = BUILT_PRODUCTS_DIR; };
		63F3043B1E7526DF0098EBB8 /* main.m */ = {isa = PBXFileReference; lastKnownFileType = sourcecode.c.objc; path = main.m; sourceTree = "<group>"; };
		63F304421E7527170098EBB8 /* NSString+VersionsCompare.h */ = {isa = PBXFileReference; fileEncoding = 4; lastKnownFileType = sourcecode.c.h; path = "NSString+VersionsCompare.h"; sourceTree = "<group>"; };
		63F304431E7527170098EBB8 /* NSString+VersionsCompare.m */ = {isa = PBXFileReference; fileEncoding = 4; lastKnownFileType = sourcecode.c.objc; path = "NSString+VersionsCompare.m"; sourceTree = "<group>"; };
/* End PBXFileReference section */

/* Begin PBXFrameworksBuildPhase section */
		63F304351E7526DF0098EBB8 /* Frameworks */ = {
			isa = PBXFrameworksBuildPhase;
			buildActionMask = 2147483647;
			files = (
			);
			runOnlyForDeploymentPostprocessing = 0;
		};
/* End PBXFrameworksBuildPhase section */

/* Begin PBXGroup section */
		63F3042F1E7526DF0098EBB8 = {
			isa = PBXGroup;
			children = (
				63F3043A1E7526DF0098EBB8 /* VersionsCompare */,
				63F304391E7526DF0098EBB8 /* Products */,
			);
			sourceTree = "<group>";
		};
		63F304391E7526DF0098EBB8 /* Products */ = {
			isa = PBXGroup;
			children = (
				63F304381E7526DF0098EBB8 /* VersionsCompare */,
			);
			name = Products;
			sourceTree = "<group>";
		};
		63F3043A1E7526DF0098EBB8 /* VersionsCompare */ = {
			isa = PBXGroup;
			children = (
				63F3043B1E7526DF0098EBB8 /* main.m */,
				63F304421E7527170098EBB8 /* NSString+VersionsCompare.h */,
				63F304431E7527170098EBB8 /* NSString+VersionsCompare.m */,
			);
			path = VersionsCompare;
			sourceTree = "<group>";
		};
/* End PBXGroup section */

/* Begin PBXNativeTarget section */
		63F304371E7526DF0098EBB8 /* VersionsCompare */ = {
			isa = PBXNativeTarget;
			buildConfigurationList = 63F3043F1E7526DF0098EBB8 /* Build configuration list for PBXNativeTarget "VersionsCompare" */;
			buildPhases = (
				63F304341E7526DF0098EBB8 /* Sources */,
				63F304351E7526DF0098EBB8 /* Frameworks */,
				63F304361E7526DF0098EBB8 /* CopyFiles */,
			);
			buildRules = (
			);
			dependencies = (
			);
			name = VersionsCompare;
			productName = VersionsCompare;
			productReference = 63F304381E7526DF0098EBB8 /* VersionsCompare */;
			productType = "com.apple.product-type.tool";
		};
/* End PBXNativeTarget section */

/* Begin PBXProject section */
		63F304301E7526DF0098EBB8 /* Project object */ = {
			isa = PBXProject;
			attributes = {
				LastUpgradeCheck = 0820;
				ORGANIZATIONNAME = "张倍浩";
				TargetAttributes = {
					63F304371E7526DF0098EBB8 = {
						CreatedOnToolsVersion = 8.2.1;
						DevelopmentTeam = WDEP8HYVGK;
						ProvisioningStyle = Automatic;
					};
				};
			};
			buildConfigurationList = 63F304331E7526DF0098EBB8 /* Build configuration list for PBXProject "VersionsCompare" */;
			compatibilityVersion = "Xcode 3.2";
			developmentRegion = English;
			hasScannedForEncodings = 0;
			knownRegions = (
				en,
			);
			mainGroup = 63F3042F1E7526DF0098EBB8;
			productRefGroup = 63F304391E7526DF0098EBB8 /* Products */;
			projectDirPath = "";
			projectRoot = "";
			targets = (
				63F304371E7526DF0098EBB8 /* VersionsCompare */,
			);
		};
/* End PBXProject section */

/* Begin PBXSourcesBuildPhase section */
		63F304341E7526DF0098EBB8 /* Sources */ = {
			isa = PBXSourcesBuildPhase;
			buildActionMask = 2147483647;
			files = (
				63F304441E7527170098EBB8 /* NSString+VersionsCompare.m in Sources */,
				63F3043C1E7526DF0098EBB8 /* main.m in Sources */,
			);
			runOnlyForDeploymentPostprocessing = 0;
		};
/* End PBXSourcesBuildPhase section */

/* Begin XCBuildConfiguration section */
		63F3043D1E7526DF0098EBB8 /* Debug */ = {
			isa = XCBuildConfiguration;
			buildSettings = {
				ALWAYS_SEARCH_USER_PATHS = NO;
				CLANG_ANALYZER_NONNULL = YES;
				CLANG_CXX_LANGUAGE_STANDARD = "gnu++0x";
				CLANG_CXX_LIBRARY = "libc++";
				CLANG_ENABLE_MODULES = YES;
				CLANG_ENABLE_OBJC_ARC = YES;
				CLANG_WARN_BOOL_CONVERSION = YES;
				CLANG_WARN_CONSTANT_CONVERSION = YES;
				CLANG_WARN_DIRECT_OBJC_ISA_USAGE = YES_ERROR;
				CLANG_WARN_DOCUMENTATION_COMMENTS = YES;
				CLANG_WARN_EMPTY_BODY = YES;
				CLANG_WARN_ENUM_CONVERSION = YES;
				CLANG_WARN_INFINITE_RECURSION = YES;
				CLANG_WARN_INT_CONVERSION = YES;
				CLANG_WARN_OBJC_ROOT_CLASS = YES_ERROR;
				CLANG_WARN_SUSPICIOUS_MOVE = YES;
				CLANG_WARN_UNREACHABLE_CODE = YES;
				CLANG_WARN__DUPLICATE_METHOD_MATCH = YES;
				CODE_SIGN_IDENTITY = "-";
				COPY_PHASE_STRIP = NO;
				DEBUG_INFORMATION_FORMAT = dwarf;
				ENABLE_STRICT_OBJC_MSGSEND = YES;
				ENABLE_TESTABILITY = YES;
				GCC_C_LANGUAGE_STANDARD = gnu99;
				GCC_DYNAMIC_NO_PIC = NO;
				GCC_NO_COMMON_BLOCKS = YES;
				GCC_OPTIMIZATION_LEVEL = 0;
				GCC_PREPROCESSOR_DEFINITIONS = (
					"DEBUG=1",
					"$(inherited)",
				);
				GCC_WARN_64_TO_32_BIT_CONVERSION = YES;
				GCC_WARN_ABOUT_RETURN_TYPE = YES_ERROR;
				GCC_WARN_UNDECLARED_SELECTOR = YES;
				GCC_WARN_UNINITIALIZED_AUTOS = YES_AGGRESSIVE;
				GCC_WARN_UNUSED_FUNCTION = YES;
				GCC_WARN_UNUSED_VARIABLE = YES;
				MACOSX_DEPLOYMENT_TARGET = 10.12;
				MTL_ENABLE_DEBUG_INFO = YES;
				ONLY_ACTIVE_ARCH = YES;
				SDKROOT = macosx;
			};
			name = Debug;
		};
		63F3043E1E7526DF0098EBB8 /* Release */ = {
			isa = XCBuildConfiguration;
			buildSettings = {
				ALWAYS_SEARCH_USER_PATHS = NO;
				CLANG_ANALYZER_NONNULL = YES;
				CLANG_CXX_LANGUAGE_STANDARD = "gnu++0x";
				CLANG_CXX_LIBRARY = "libc++";
				CLANG_ENABLE_MODULES = YES;
				CLANG_ENABLE_OBJC_ARC = YES;
				CLANG_WARN_BOOL_CONVERSION = YES;
				CLANG_WARN_CONSTANT_CONVERSION = YES;
				CLANG_WARN_DIRECT_OBJC_ISA_USAGE = YES_ERROR;
				CLANG_WARN_DOCUMENTATION_COMMENTS = YES;
				CLANG_WARN_EMPTY_BODY = YES;
				CLANG_WARN_ENUM_CONVERSION = YES;
				CLANG_WARN_INFINITE_RECURSION = YES;
				CLANG_WARN_INT_CONVERSION = YES;
				CLANG_WARN_OBJC_ROOT_CLASS = YES_ERROR;
				CLANG_WARN_SUSPICIOUS_MOVE = YES;
				CLANG_WARN_UNREACHABLE_CODE = YES;
				CLANG_WARN__DUPLICATE_METHOD_MATCH = YES;
				CODE_SIGN_IDENTITY = "-";
				COPY_PHASE_STRIP = NO;
				DEBUG_INFORMATION_FORMAT = "dwarf-with-dsym";
				ENABLE_NS_ASSERTIONS = NO;
				ENABLE_STRICT_OBJC_MSGSEND = YES;
				GCC_C_LANGUAGE_STANDARD = gnu99;
				GCC_NO_COMMON_BLOCKS = YES;
				GCC_WARN_64_TO_32_BIT_CONVERSION = YES;
				GCC_WARN_ABOUT_RETURN_TYPE = YES_ERROR;
				GCC_WARN_UNDECLARED_SELECTOR = YES;
				GCC_WARN_UNINITIALIZED_AUTOS = YES_AGGRESSIVE;
				GCC_WARN_UNUSED_FUNCTION = YES;
				GCC_WARN_UNUSED_VARIABLE = YES;
				MACOSX_DEPLOYMENT_TARGET = 10.12;
				MTL_ENABLE_DEBUG_INFO = NO;
				SDKROOT = macosx;
			};
			name = Release;
		};
		63F304401E7526DF0098EBB8 /* Debug */ = {
			isa = XCBuildConfiguration;
			buildSettings = {
				DEVELOPMENT_TEAM = WDEP8HYVGK;
				PRODUCT_NAME = "$(TARGET_NAME)";
			};
			name = Debug;
		};
		63F304411E7526DF0098EBB8 /* Release */ = {
			isa = XCBuildConfiguration;
			buildSettings = {
				DEVELOPMENT_TEAM = WDEP8HYVGK;
				PRODUCT_NAME = "$(TARGET_NAME)";
			};
			name = Release;
		};
/* End XCBuildConfiguration section */

/* Begin XCConfigurationList section */
		63F304331E7526DF0098EBB8 /* Build configuration list for PBXProject "VersionsCompare" */ = {
			isa = XCConfigurationList;
			buildConfigurations = (
				63F3043D1E7526DF0098EBB8 /* Debug */,
				63F3043E1E7526DF0098EBB8 /* Release */,
			);
			defaultConfigurationIsVisible = 0;
			defaultConfigurationName = Release;
		};
		63F3043F1E7526DF0098EBB8 /* Build configuration list for PBXNativeTarget "VersionsCompare" */ = {
			isa = XCConfigurationList;
			buildConfigurations = (
				63F304401E7526DF0098EBB8 /* Debug */,
				63F304411E7526DF0098EBB8 /* Release */,
			);
			defaultConfigurationIsVisible = 0;
		};
/* End XCConfigurationList section */
	};
	rootObject = 63F304301E7526DF0098EBB8 /* Project object */;
}
